
Microsoft Visual Studio Solution File, Format Version 12.00
# Visual Studio Version 17
VisualStudioVersion = 17.0.31903.59
MinimumVisualStudioVersion = 10.0.40219.1
Project("{FAE04EC0-301F-11D3-BF4B-00C04F79EFBC}") = "Injector", "Injector\Injector.csproj", "{47423E7D-CD27-4178-9A40-CBDE9D22B244}"
EndProject
Project("{FAE04EC0-301F-11D3-BF4B-00C04F79EFBC}") = "RvaDumper", "RvaDumper\RvaDumper.csproj", "{FF1C33A4-E9DD-44B9-8262-EB9E9483FBC3}"
EndProject
Project("{FAE04EC0-301F-11D3-BF4B-00C04F79EFBC}") = "ProcessRunner", "ProcessRunner\ProcessRunner.csproj", "{FB02BAAF-0CB3-4959-A36A-AD62DAF23C58}"
EndProject
Project("{FAE04EC0-301F-11D3-BF4B-00C04F79EFBC}") = "Payload", "Payload\Payload.csproj", "{2486126C-92E8-445E-AF36-0D56086868A8}"
EndProject
Global
	GlobalSection(SolutionConfigurationPlatforms) = preSolution
		Debug|Any CPU = Debug|Any CPU
		Release|Any CPU = Release|Any CPU
	EndGlobalSection
	GlobalSection(SolutionProperties) = preSolution
		HideSolutionNode = FALSE
	EndGlobalSection
	GlobalSection(ProjectConfigurationPlatforms) = postSolution
		{47423E7D-CD27-4178-9A40-CBDE9D22B244}.Debug|Any CPU.ActiveCfg = Debug|Any CPU
		{47423E7D-CD27-4178-9A40-CBDE9D22B244}.Debug|Any CPU.Build.0 = Debug|Any CPU
		{47423E7D-CD27-4178-9A40-CBDE9D22B244}.Release|Any CPU.ActiveCfg = Release|Any CPU
		{47423E7D-CD27-4178-9A40-CBDE9D22B244}.Release|Any CPU.Build.0 = Release|Any CPU
		{FF1C33A4-E9DD-44B9-8262-EB9E9483FBC3}.Debug|Any CPU.ActiveCfg = Debug|Any CPU
		{FF1C33A4-E9DD-44B9-8262-EB9E9483FBC3}.Debug|Any CPU.Build.0 = Debug|Any CPU
		{FF1C33A4-E9DD-44B9-8262-EB9E9483FBC3}.Release|Any CPU.ActiveCfg = Release|Any CPU
		{FF1C33A4-E9DD-44B9-8262-EB9E9483FBC3}.Release|Any CPU.Build.0 = Release|Any CPU
		{FB02BAAF-0CB3-4959-A36A-AD62DAF23C58}.Debug|Any CPU.ActiveCfg = Debug|Any CPU
		{FB02BAAF-0CB3-4959-A36A-AD62DAF23C58}.Debug|Any CPU.Build.0 = Debug|Any CPU
		{FB02BAAF-0CB3-4959-A36A-AD62DAF23C58}.Release|Any CPU.ActiveCfg = Release|Any CPU
		{FB02BAAF-0CB3-4959-A36A-AD62DAF23C58}.Release|Any CPU.Build.0 = Release|Any CPU
		{2486126C-92E8-445E-AF36-0D56086868A8}.Debug|Any CPU.ActiveCfg = Debug|Any CPU
		{2486126C-92E8-445E-AF36-0D56086868A8}.Debug|Any CPU.Build.0 = Debug|Any CPU
		{2486126C-92E8-445E-AF36-0D56086868A8}.Release|Any CPU.ActiveCfg = Release|Any CPU
		{2486126C-92E8-445E-AF36-0D56086868A8}.Release|Any CPU.Build.0 = Release|Any CPU
	EndGlobalSection
EndGlobal
